// !$*UTF8*$!
{
	archiveVersion = 1;
	classes = {
	};
	objectVersion = 55;
	objects = {

/* Begin PBXBuildFile section */
		04DAD59C6A04E04FBC99A85B /* Pods_VideoCreator.framework in Frameworks */ = {isa = PBXBuildFile; fileRef = 9F0B7D9756AB866CB6AB97E1 /* Pods_VideoCreator.framework */; };
		1404FE002982EF3600ED689F /* Effect.swift in Sources */ = {isa = PBXBuildFile; fileRef = 1404FDFF2982EF3600ED689F /* Effect.swift */; };
		1404FE022983026400ED689F /* VideoEditorService.swift in Sources */ = {isa = PBXBuildFile; fileRef = 1404FE012983026400ED689F /* VideoEditorService.swift */; };
		1404FE0829831CFC00ED689F /* UIImage+Init.swift in Sources */ = {isa = PBXBuildFile; fileRef = 1404FE0729831CFC00ED689F /* UIImage+Init.swift */; };
		1430671029819D7700FAFBD2 /* NetworkManager.swift in Sources */ = {isa = PBXBuildFile; fileRef = 1430670F29819D7700FAFBD2 /* NetworkManager.swift */; };
		1430671229819D9600FAFBD2 /* UnsplashAPI.swift in Sources */ = {isa = PBXBuildFile; fileRef = 1430671129819D9600FAFBD2 /* UnsplashAPI.swift */; };
		1430671429819EEE00FAFBD2 /* Constants.swift in Sources */ = {isa = PBXBuildFile; fileRef = 1430671329819EEE00FAFBD2 /* Constants.swift */; };
		143067172981A2F500FAFBD2 /* Photo.swift in Sources */ = {isa = PBXBuildFile; fileRef = 143067162981A2F500FAFBD2 /* Photo.swift */; };
		1430671A2981A8C800FAFBD2 /* UIViewController+Alert.swift in Sources */ = {isa = PBXBuildFile; fileRef = 143067192981A8C800FAFBD2 /* UIViewController+Alert.swift */; };
		1430671D2981AED900FAFBD2 /* PhotoCell.swift in Sources */ = {isa = PBXBuildFile; fileRef = 1430671C2981AED900FAFBD2 /* PhotoCell.swift */; };
		144D8D4C29818ADF007A5A55 /* AppDelegate.swift in Sources */ = {isa = PBXBuildFile; fileRef = 144D8D4B29818ADF007A5A55 /* AppDelegate.swift */; };
		144D8D4E29818ADF007A5A55 /* SceneDelegate.swift in Sources */ = {isa = PBXBuildFile; fileRef = 144D8D4D29818ADF007A5A55 /* SceneDelegate.swift */; };
		144D8D5029818ADF007A5A55 /* GalleryViewController.swift in Sources */ = {isa = PBXBuildFile; fileRef = 144D8D4F29818ADF007A5A55 /* GalleryViewController.swift */; };
		144D8D5529818AE0007A5A55 /* Assets.xcassets in Resources */ = {isa = PBXBuildFile; fileRef = 144D8D5429818AE0007A5A55 /* Assets.xcassets */; };
		144D8D5829818AE0007A5A55 /* LaunchScreen.storyboard in Resources */ = {isa = PBXBuildFile; fileRef = 144D8D5629818AE0007A5A55 /* LaunchScreen.storyboard */; };
		144D8D6B29819164007A5A55 /* GalleryViewDelegate.swift in Sources */ = {isa = PBXBuildFile; fileRef = 144D8D6A29819164007A5A55 /* GalleryViewDelegate.swift */; };
		144D8D6D29819199007A5A55 /* GalleryPresenter.swift in Sources */ = {isa = PBXBuildFile; fileRef = 144D8D6C29819199007A5A55 /* GalleryPresenter.swift */; };
		144D8D7029819274007A5A55 /* PinterestLayout.swift in Sources */ = {isa = PBXBuildFile; fileRef = 144D8D6F29819274007A5A55 /* PinterestLayout.swift */; };
		14FAFCBC2981C91300B369C3 /* PhotoList.swift in Sources */ = {isa = PBXBuildFile; fileRef = 14FAFCBB2981C91300B369C3 /* PhotoList.swift */; };
		CE62EAF3298246080011E8B4 /* EffectsPresenter.swift in Sources */ = {isa = PBXBuildFile; fileRef = CE62EAF2298246080011E8B4 /* EffectsPresenter.swift */; };
		CE62EAF5298246190011E8B4 /* EffectsViewController.swift in Sources */ = {isa = PBXBuildFile; fileRef = CE62EAF4298246190011E8B4 /* EffectsViewController.swift */; };
		CE62EAF7298246480011E8B4 /* EffectsViewDelegate.swift in Sources */ = {isa = PBXBuildFile; fileRef = CE62EAF6298246480011E8B4 /* EffectsViewDelegate.swift */; };
		CE62EAFA298247D00011E8B4 /* EffectCell.swift in Sources */ = {isa = PBXBuildFile; fileRef = CE62EAF9298247D00011E8B4 /* EffectCell.swift */; };
		CE62EAFF2982761A0011E8B4 /* LoaderView.swift in Sources */ = {isa = PBXBuildFile; fileRef = CE62EAFE2982761A0011E8B4 /* LoaderView.swift */; };
		CE62EB01298287200011E8B4 /* LoaderAlert.swift in Sources */ = {isa = PBXBuildFile; fileRef = CE62EB00298287200011E8B4 /* LoaderAlert.swift */; };
/* End PBXBuildFile section */

/* Begin PBXFileReference section */
		1404FDFF2982EF3600ED689F /* Effect.swift */ = {isa = PBXFileReference; lastKnownFileType = sourcecode.swift; path = Effect.swift; sourceTree = "<group>"; };
		1404FE012983026400ED689F /* VideoEditorService.swift */ = {isa = PBXFileReference; lastKnownFileType = sourcecode.swift; path = VideoEditorService.swift; sourceTree = "<group>"; };
		1404FE0729831CFC00ED689F /* UIImage+Init.swift */ = {isa = PBXFileReference; lastKnownFileType = sourcecode.swift; path = "UIImage+Init.swift"; sourceTree = "<group>"; };
		1430670F29819D7700FAFBD2 /* NetworkManager.swift */ = {isa = PBXFileReference; lastKnownFileType = sourcecode.swift; path = NetworkManager.swift; sourceTree = "<group>"; };
		1430671129819D9600FAFBD2 /* UnsplashAPI.swift */ = {isa = PBXFileReference; lastKnownFileType = sourcecode.swift; path = UnsplashAPI.swift; sourceTree = "<group>"; };
		1430671329819EEE00FAFBD2 /* Constants.swift */ = {isa = PBXFileReference; lastKnownFileType = sourcecode.swift; path = Constants.swift; sourceTree = "<group>"; };
		143067162981A2F500FAFBD2 /* Photo.swift */ = {isa = PBXFileReference; lastKnownFileType = sourcecode.swift; path = Photo.swift; sourceTree = "<group>"; };
		143067192981A8C800FAFBD2 /* UIViewController+Alert.swift */ = {isa = PBXFileReference; lastKnownFileType = sourcecode.swift; path = "UIViewController+Alert.swift"; sourceTree = "<group>"; };
		1430671C2981AED900FAFBD2 /* PhotoCell.swift */ = {isa = PBXFileReference; lastKnownFileType = sourcecode.swift; path = PhotoCell.swift; sourceTree = "<group>"; };
		144D8D4829818ADF007A5A55 /* VideoCreator.app */ = {isa = PBXFileReference; explicitFileType = wrapper.application; includeInIndex = 0; path = VideoCreator.app; sourceTree = BUILT_PRODUCTS_DIR; };
		144D8D4B29818ADF007A5A55 /* AppDelegate.swift */ = {isa = PBXFileReference; lastKnownFileType = sourcecode.swift; path = AppDelegate.swift; sourceTree = "<group>"; };
		144D8D4D29818ADF007A5A55 /* SceneDelegate.swift */ = {isa = PBXFileReference; lastKnownFileType = sourcecode.swift; path = SceneDelegate.swift; sourceTree = "<group>"; };
		144D8D4F29818ADF007A5A55 /* GalleryViewController.swift */ = {isa = PBXFileReference; lastKnownFileType = sourcecode.swift; path = GalleryViewController.swift; sourceTree = "<group>"; };
		144D8D5429818AE0007A5A55 /* Assets.xcassets */ = {isa = PBXFileReference; lastKnownFileType = folder.assetcatalog; path = Assets.xcassets; sourceTree = "<group>"; };
		144D8D5729818AE0007A5A55 /* Base */ = {isa = PBXFileReference; lastKnownFileType = file.storyboard; name = Base; path = Base.lproj/LaunchScreen.storyboard; sourceTree = "<group>"; };
		144D8D5929818AE0007A5A55 /* Info.plist */ = {isa = PBXFileReference; lastKnownFileType = text.plist.xml; path = Info.plist; sourceTree = "<group>"; };
		144D8D6A29819164007A5A55 /* GalleryViewDelegate.swift */ = {isa = PBXFileReference; lastKnownFileType = sourcecode.swift; path = GalleryViewDelegate.swift; sourceTree = "<group>"; };
		144D8D6C29819199007A5A55 /* GalleryPresenter.swift */ = {isa = PBXFileReference; lastKnownFileType = sourcecode.swift; path = GalleryPresenter.swift; sourceTree = "<group>"; };
		144D8D6F29819274007A5A55 /* PinterestLayout.swift */ = {isa = PBXFileReference; lastKnownFileType = sourcecode.swift; path = PinterestLayout.swift; sourceTree = "<group>"; };
		14FAFCBB2981C91300B369C3 /* PhotoList.swift */ = {isa = PBXFileReference; lastKnownFileType = sourcecode.swift; path = PhotoList.swift; sourceTree = "<group>"; };
		9F0B7D9756AB866CB6AB97E1 /* Pods_VideoCreator.framework */ = {isa = PBXFileReference; explicitFileType = wrapper.framework; includeInIndex = 0; path = Pods_VideoCreator.framework; sourceTree = BUILT_PRODUCTS_DIR; };
		BE7C981487D4AFB6DD71829A /* Pods-VideoCreator.release.xcconfig */ = {isa = PBXFileReference; includeInIndex = 1; lastKnownFileType = text.xcconfig; name = "Pods-VideoCreator.release.xcconfig"; path = "Target Support Files/Pods-VideoCreator/Pods-VideoCreator.release.xcconfig"; sourceTree = "<group>"; };
		CE62EAF2298246080011E8B4 /* EffectsPresenter.swift */ = {isa = PBXFileReference; lastKnownFileType = sourcecode.swift; path = EffectsPresenter.swift; sourceTree = "<group>"; };
		CE62EAF4298246190011E8B4 /* EffectsViewController.swift */ = {isa = PBXFileReference; lastKnownFileType = sourcecode.swift; path = EffectsViewController.swift; sourceTree = "<group>"; };
		CE62EAF6298246480011E8B4 /* EffectsViewDelegate.swift */ = {isa = PBXFileReference; lastKnownFileType = sourcecode.swift; path = EffectsViewDelegate.swift; sourceTree = "<group>"; };
		CE62EAF9298247D00011E8B4 /* EffectCell.swift */ = {isa = PBXFileReference; lastKnownFileType = sourcecode.swift; path = EffectCell.swift; sourceTree = "<group>"; };
		CE62EAFE2982761A0011E8B4 /* LoaderView.swift */ = {isa = PBXFileReference; lastKnownFileType = sourcecode.swift; path = LoaderView.swift; sourceTree = "<group>"; };
		CE62EB00298287200011E8B4 /* LoaderAlert.swift */ = {isa = PBXFileReference; lastKnownFileType = sourcecode.swift; path = LoaderAlert.swift; sourceTree = "<group>"; };
		F1F6D51EC8310780FC397D16 /* Pods-VideoCreator.debug.xcconfig */ = {isa = PBXFileReference; includeInIndex = 1; lastKnownFileType = text.xcconfig; name = "Pods-VideoCreator.debug.xcconfig"; path = "Target Support Files/Pods-VideoCreator/Pods-VideoCreator.debug.xcconfig"; sourceTree = "<group>"; };
/* End PBXFileReference section */

/* Begin PBXFrameworksBuildPhase section */
		144D8D4529818ADF007A5A55 /* Frameworks */ = {
			isa = PBXFrameworksBuildPhase;
			buildActionMask = 2147483647;
			files = (
				04DAD59C6A04E04FBC99A85B /* Pods_VideoCreator.framework in Frameworks */,
			);
			runOnlyForDeploymentPostprocessing = 0;
		};
/* End PBXFrameworksBuildPhase section */

/* Begin PBXGroup section */
		14025522185A61C8B5C726CC /* Pods */ = {
			isa = PBXGroup;
			children = (
				F1F6D51EC8310780FC397D16 /* Pods-VideoCreator.debug.xcconfig */,
				BE7C981487D4AFB6DD71829A /* Pods-VideoCreator.release.xcconfig */,
			);
			path = Pods;
			sourceTree = "<group>";
		};
		143067152981A2E500FAFBD2 /* Models */ = {
			isa = PBXGroup;
			children = (
				1404FDFF2982EF3600ED689F /* Effect.swift */,
				CE62EB062982AF170011E8B4 /* Photo */,
			);
			path = Models;
			sourceTree = "<group>";
		};
		143067182981A8B000FAFBD2 /* Extensions */ = {
			isa = PBXGroup;
			children = (
				143067192981A8C800FAFBD2 /* UIViewController+Alert.swift */,
				1404FE0729831CFC00ED689F /* UIImage+Init.swift */,
			);
			path = Extensions;
			sourceTree = "<group>";
		};
		1430671B2981AEC900FAFBD2 /* Cell */ = {
			isa = PBXGroup;
			children = (
				1430671C2981AED900FAFBD2 /* PhotoCell.swift */,
			);
			path = Cell;
			sourceTree = "<group>";
		};
		144D8D3F29818ADF007A5A55 = {
			isa = PBXGroup;
			children = (
				144D8D4A29818ADF007A5A55 /* VideoCreator */,
				144D8D4929818ADF007A5A55 /* Products */,
				14025522185A61C8B5C726CC /* Pods */,
				5C8FAB3C9E5FAB5B19D6A152 /* Frameworks */,
			);
			sourceTree = "<group>";
		};
		144D8D4929818ADF007A5A55 /* Products */ = {
			isa = PBXGroup;
			children = (
				144D8D4829818ADF007A5A55 /* VideoCreator.app */,
			);
			name = Products;
			sourceTree = "<group>";
		};
		144D8D4A29818ADF007A5A55 /* VideoCreator */ = {
			isa = PBXGroup;
			children = (
				144D8D5929818AE0007A5A55 /* Info.plist */,
				144D8D6129818C18007A5A55 /* Application */,
				143067152981A2E500FAFBD2 /* Models */,
				144D8D5F29818BDB007A5A55 /* Modules */,
				144D8D6429818C4C007A5A55 /* Network */,
				144D8D6229818C2A007A5A55 /* Parents */,
				144D8D6029818BE4007A5A55 /* Resources */,
				144D8D6329818C32007A5A55 /* Utils */,
				CE62EAFD298273130011E8B4 /* Views */,
			);
			path = VideoCreator;
			sourceTree = "<group>";
		};
		144D8D5F29818BDB007A5A55 /* Modules */ = {
			isa = PBXGroup;
			children = (
				CE62EAEF298244900011E8B4 /* Effects */,
				144D8D6529818C64007A5A55 /* Gallery */,
				144D8D6E298191D1007A5A55 /* Launch */,
			);
			path = Modules;
			sourceTree = "<group>";
		};
		144D8D6029818BE4007A5A55 /* Resources */ = {
			isa = PBXGroup;
			children = (
				144D8D5429818AE0007A5A55 /* Assets.xcassets */,
			);
			path = Resources;
			sourceTree = "<group>";
		};
		144D8D6129818C18007A5A55 /* Application */ = {
			isa = PBXGroup;
			children = (
				144D8D4D29818ADF007A5A55 /* SceneDelegate.swift */,
				144D8D4B29818ADF007A5A55 /* AppDelegate.swift */,
			);
			path = Application;
			sourceTree = "<group>";
		};
		144D8D6229818C2A007A5A55 /* Parents */ = {
			isa = PBXGroup;
			children = (
				144D8D672981907F007A5A55 /* UICollectionViewLayout */,
			);
			path = Parents;
			sourceTree = "<group>";
		};
		144D8D6329818C32007A5A55 /* Utils */ = {
			isa = PBXGroup;
			children = (
				CE62EB0329829BEC0011E8B4 /* Services */,
				143067182981A8B000FAFBD2 /* Extensions */,
				1430671329819EEE00FAFBD2 /* Constants.swift */,
			);
			path = Utils;
			sourceTree = "<group>";
		};
		144D8D6429818C4C007A5A55 /* Network */ = {
			isa = PBXGroup;
			children = (
				1430670F29819D7700FAFBD2 /* NetworkManager.swift */,
				1430671129819D9600FAFBD2 /* UnsplashAPI.swift */,
			);
			path = Network;
			sourceTree = "<group>";
		};
		144D8D6529818C64007A5A55 /* Gallery */ = {
			isa = PBXGroup;
			children = (
				144D8D6829819131007A5A55 /* Presenter */,
				144D8D6929819138007A5A55 /* View */,
			);
			path = Gallery;
			sourceTree = "<group>";
		};
		144D8D672981907F007A5A55 /* UICollectionViewLayout */ = {
			isa = PBXGroup;
			children = (
				144D8D6F29819274007A5A55 /* PinterestLayout.swift */,
			);
			path = UICollectionViewLayout;
			sourceTree = "<group>";
		};
		144D8D6829819131007A5A55 /* Presenter */ = {
			isa = PBXGroup;
			children = (
				144D8D6C29819199007A5A55 /* GalleryPresenter.swift */,
			);
			path = Presenter;
			sourceTree = "<group>";
		};
		144D8D6929819138007A5A55 /* View */ = {
			isa = PBXGroup;
			children = (
				1430671B2981AEC900FAFBD2 /* Cell */,
				144D8D4F29818ADF007A5A55 /* GalleryViewController.swift */,
				144D8D6A29819164007A5A55 /* GalleryViewDelegate.swift */,
			);
			path = View;
			sourceTree = "<group>";
		};
		144D8D6E298191D1007A5A55 /* Launch */ = {
			isa = PBXGroup;
			children = (
				144D8D5629818AE0007A5A55 /* LaunchScreen.storyboard */,
			);
			path = Launch;
			sourceTree = "<group>";
		};
		5C8FAB3C9E5FAB5B19D6A152 /* Frameworks */ = {
			isa = PBXGroup;
			children = (
				9F0B7D9756AB866CB6AB97E1 /* Pods_VideoCreator.framework */,
			);
			name = Frameworks;
			sourceTree = "<group>";
		};
		CE62EAEF298244900011E8B4 /* Effects */ = {
			isa = PBXGroup;
			children = (
				CE62EAF02982449E0011E8B4 /* Presenter */,
				CE62EAF1298244A50011E8B4 /* View */,
			);
			path = Effects;
			sourceTree = "<group>";
		};
		CE62EAF02982449E0011E8B4 /* Presenter */ = {
			isa = PBXGroup;
			children = (
				CE62EAF2298246080011E8B4 /* EffectsPresenter.swift */,
			);
			path = Presenter;
			sourceTree = "<group>";
		};
		CE62EAF1298244A50011E8B4 /* View */ = {
			isa = PBXGroup;
			children = (
				CE62EAF8298247AA0011E8B4 /* Cell */,
				CE62EAF4298246190011E8B4 /* EffectsViewController.swift */,
				CE62EAF6298246480011E8B4 /* EffectsViewDelegate.swift */,
			);
			path = View;
			sourceTree = "<group>";
		};
		CE62EAF8298247AA0011E8B4 /* Cell */ = {
			isa = PBXGroup;
			children = (
				CE62EAF9298247D00011E8B4 /* EffectCell.swift */,
			);
			path = Cell;
			sourceTree = "<group>";
		};
		CE62EAFD298273130011E8B4 /* Views */ = {
			isa = PBXGroup;
			children = (
				CE62EB0229829AD10011E8B4 /* LoaderView */,
			);
			path = Views;
			sourceTree = "<group>";
		};
		CE62EB0229829AD10011E8B4 /* LoaderView */ = {
			isa = PBXGroup;
			children = (
				CE62EAFE2982761A0011E8B4 /* LoaderView.swift */,
				CE62EB00298287200011E8B4 /* LoaderAlert.swift */,
			);
			path = LoaderView;
			sourceTree = "<group>";
		};
		CE62EB0329829BEC0011E8B4 /* Services */ = {
			isa = PBXGroup;
			children = (
				1404FE012983026400ED689F /* VideoEditorService.swift */,
			);
			path = Services;
			sourceTree = "<group>";
		};
		CE62EB062982AF170011E8B4 /* Photo */ = {
			isa = PBXGroup;
			children = (
				14FAFCBB2981C91300B369C3 /* PhotoList.swift */,
				143067162981A2F500FAFBD2 /* Photo.swift */,
			);
			path = Photo;
			sourceTree = "<group>";
		};
/* End PBXGroup section */

/* Begin PBXNativeTarget section */
		144D8D4729818ADF007A5A55 /* VideoCreator */ = {
			isa = PBXNativeTarget;
			buildConfigurationList = 144D8D5C29818AE0007A5A55 /* Build configuration list for PBXNativeTarget "VideoCreator" */;
			buildPhases = (
				84150559AC7690D6E241D913 /* [CP] Check Pods Manifest.lock */,
				144D8D4429818ADF007A5A55 /* Sources */,
				144D8D4529818ADF007A5A55 /* Frameworks */,
				144D8D4629818ADF007A5A55 /* Resources */,
				23A04A6D6A45ADFC7B5F756F /* [CP] Embed Pods Frameworks */,
			);
			buildRules = (
			);
			dependencies = (
			);
			name = VideoCreator;
			productName = VideoCreator;
			productReference = 144D8D4829818ADF007A5A55 /* VideoCreator.app */;
			productType = "com.apple.product-type.application";
		};
/* End PBXNativeTarget section */

/* Begin PBXProject section */
		144D8D4029818ADF007A5A55 /* Project object */ = {
			isa = PBXProject;
			attributes = {
				BuildIndependentTargetsInParallel = 1;
				LastSwiftUpdateCheck = 1410;
				LastUpgradeCheck = 1410;
				TargetAttributes = {
					144D8D4729818ADF007A5A55 = {
						CreatedOnToolsVersion = 14.1;
					};
				};
			};
			buildConfigurationList = 144D8D4329818ADF007A5A55 /* Build configuration list for PBXProject "VideoCreator" */;
			compatibilityVersion = "Xcode 13.0";
			developmentRegion = en;
			hasScannedForEncodings = 0;
			knownRegions = (
				en,
				Base,
			);
			mainGroup = 144D8D3F29818ADF007A5A55;
			productRefGroup = 144D8D4929818ADF007A5A55 /* Products */;
			projectDirPath = "";
			projectRoot = "";
			targets = (
				144D8D4729818ADF007A5A55 /* VideoCreator */,
			);
		};
/* End PBXProject section */

/* Begin PBXResourcesBuildPhase section */
		144D8D4629818ADF007A5A55 /* Resources */ = {
			isa = PBXResourcesBuildPhase;
			buildActionMask = 2147483647;
			files = (
				144D8D5829818AE0007A5A55 /* LaunchScreen.storyboard in Resources */,
				144D8D5529818AE0007A5A55 /* Assets.xcassets in Resources */,
			);
			runOnlyForDeploymentPostprocessing = 0;
		};
/* End PBXResourcesBuildPhase section */

/* Begin PBXShellScriptBuildPhase section */
		23A04A6D6A45ADFC7B5F756F /* [CP] Embed Pods Frameworks */ = {
			isa = PBXShellScriptBuildPhase;
			buildActionMask = 2147483647;
			files = (
			);
			inputFileListPaths = (
				"${PODS_ROOT}/Target Support Files/Pods-VideoCreator/Pods-VideoCreator-frameworks-${CONFIGURATION}-input-files.xcfilelist",
			);
			name = "[CP] Embed Pods Frameworks";
			outputFileListPaths = (
				"${PODS_ROOT}/Target Support Files/Pods-VideoCreator/Pods-VideoCreator-frameworks-${CONFIGURATION}-output-files.xcfilelist",
			);
			runOnlyForDeploymentPostprocessing = 0;
			shellPath = /bin/sh;
			shellScript = "\"${PODS_ROOT}/Target Support Files/Pods-VideoCreator/Pods-VideoCreator-frameworks.sh\"\n";
			showEnvVarsInLog = 0;
		};
		84150559AC7690D6E241D913 /* [CP] Check Pods Manifest.lock */ = {
			isa = PBXShellScriptBuildPhase;
			buildActionMask = 2147483647;
			files = (
			);
			inputFileListPaths = (
			);
			inputPaths = (
				"${PODS_PODFILE_DIR_PATH}/Podfile.lock",
				"${PODS_ROOT}/Manifest.lock",
			);
			name = "[CP] Check Pods Manifest.lock";
			outputFileListPaths = (
			);
			outputPaths = (
				"$(DERIVED_FILE_DIR)/Pods-VideoCreator-checkManifestLockResult.txt",
			);
			runOnlyForDeploymentPostprocessing = 0;
			shellPath = /bin/sh;
			shellScript = "diff \"${PODS_PODFILE_DIR_PATH}/Podfile.lock\" \"${PODS_ROOT}/Manifest.lock\" > /dev/null\nif [ $? != 0 ] ; then\n    # print error to STDERR\n    echo \"error: The sandbox is not in sync with the Podfile.lock. Run 'pod install' or update your CocoaPods installation.\" >&2\n    exit 1\nfi\n# This output is used by Xcode 'outputs' to avoid re-running this script phase.\necho \"SUCCESS\" > \"${SCRIPT_OUTPUT_FILE_0}\"\n";
			showEnvVarsInLog = 0;
		};
/* End PBXShellScriptBuildPhase section */

/* Begin PBXSourcesBuildPhase section */
		144D8D4429818ADF007A5A55 /* Sources */ = {
			isa = PBXSourcesBuildPhase;
			buildActionMask = 2147483647;
			files = (
				144D8D7029819274007A5A55 /* PinterestLayout.swift in Sources */,
				144D8D5029818ADF007A5A55 /* GalleryViewController.swift in Sources */,
				1404FE0829831CFC00ED689F /* UIImage+Init.swift in Sources */,
				1404FE002982EF3600ED689F /* Effect.swift in Sources */,
				144D8D6D29819199007A5A55 /* GalleryPresenter.swift in Sources */,
				CE62EB01298287200011E8B4 /* LoaderAlert.swift in Sources */,
				1404FE022983026400ED689F /* VideoEditorService.swift in Sources */,
				CE62EAF3298246080011E8B4 /* EffectsPresenter.swift in Sources */,
				14FAFCBC2981C91300B369C3 /* PhotoList.swift in Sources */,
				1430671029819D7700FAFBD2 /* NetworkManager.swift in Sources */,
				1430671D2981AED900FAFBD2 /* PhotoCell.swift in Sources */,
				1430671A2981A8C800FAFBD2 /* UIViewController+Alert.swift in Sources */,
				CE62EAF5298246190011E8B4 /* EffectsViewController.swift in Sources */,
				143067172981A2F500FAFBD2 /* Photo.swift in Sources */,
				CE62EAF7298246480011E8B4 /* EffectsViewDelegate.swift in Sources */,
				1430671229819D9600FAFBD2 /* UnsplashAPI.swift in Sources */,
				144D8D4C29818ADF007A5A55 /* AppDelegate.swift in Sources */,
				CE62EAFF2982761A0011E8B4 /* LoaderView.swift in Sources */,
				CE62EAFA298247D00011E8B4 /* EffectCell.swift in Sources */,
				144D8D6B29819164007A5A55 /* GalleryViewDelegate.swift in Sources */,
				144D8D4E29818ADF007A5A55 /* SceneDelegate.swift in Sources */,
				1430671429819EEE00FAFBD2 /* Constants.swift in Sources */,
			);
			runOnlyForDeploymentPostprocessing = 0;
		};
/* End PBXSourcesBuildPhase section */

/* Begin PBXVariantGroup section */
		144D8D5629818AE0007A5A55 /* LaunchScreen.storyboard */ = {
			isa = PBXVariantGroup;
			children = (
				144D8D5729818AE0007A5A55 /* Base */,
			);
			name = LaunchScreen.storyboard;
			sourceTree = "<group>";
		};
/* End PBXVariantGroup section */

/* Begin XCBuildConfiguration section */
		144D8D5A29818AE0007A5A55 /* Debug */ = {
			isa = XCBuildConfiguration;
			buildSettings = {
				ALWAYS_SEARCH_USER_PATHS = NO;
				CLANG_ANALYZER_NONNULL = YES;
				CLANG_ANALYZER_NUMBER_OBJECT_CONVERSION = YES_AGGRESSIVE;
				CLANG_CXX_LANGUAGE_STANDARD = "gnu++20";
				CLANG_ENABLE_MODULES = YES;
				CLANG_ENABLE_OBJC_ARC = YES;
				CLANG_ENABLE_OBJC_WEAK = YES;
				CLANG_WARN_BLOCK_CAPTURE_AUTORELEASING = YES;
				CLANG_WARN_BOOL_CONVERSION = YES;
				CLANG_WARN_COMMA = YES;
				CLANG_WARN_CONSTANT_CONVERSION = YES;
				CLANG_WARN_DEPRECATED_OBJC_IMPLEMENTATIONS = YES;
				CLANG_WARN_DIRECT_OBJC_ISA_USAGE = YES_ERROR;
				CLANG_WARN_DOCUMENTATION_COMMENTS = YES;
				CLANG_WARN_EMPTY_BODY = YES;
				CLANG_WARN_ENUM_CONVERSION = YES;
				CLANG_WARN_INFINITE_RECURSION = YES;
				CLANG_WARN_INT_CONVERSION = YES;
				CLANG_WARN_NON_LITERAL_NULL_CONVERSION = YES;
				CLANG_WARN_OBJC_IMPLICIT_RETAIN_SELF = YES;
				CLANG_WARN_OBJC_LITERAL_CONVERSION = YES;
				CLANG_WARN_OBJC_ROOT_CLASS = YES_ERROR;
				CLANG_WARN_QUOTED_INCLUDE_IN_FRAMEWORK_HEADER = YES;
				CLANG_WARN_RANGE_LOOP_ANALYSIS = YES;
				CLANG_WARN_STRICT_PROTOTYPES = YES;
				CLANG_WARN_SUSPICIOUS_MOVE = YES;
				CLANG_WARN_UNGUARDED_AVAILABILITY = YES_AGGRESSIVE;
				CLANG_WARN_UNREACHABLE_CODE = YES;
				CLANG_WARN__DUPLICATE_METHOD_MATCH = YES;
				COPY_PHASE_STRIP = NO;
				DEBUG_INFORMATION_FORMAT = dwarf;
				ENABLE_STRICT_OBJC_MSGSEND = YES;
				ENABLE_TESTABILITY = YES;
				GCC_C_LANGUAGE_STANDARD = gnu11;
				GCC_DYNAMIC_NO_PIC = NO;
				GCC_NO_COMMON_BLOCKS = YES;
				GCC_OPTIMIZATION_LEVEL = 0;
				GCC_PREPROCESSOR_DEFINITIONS = (
					"DEBUG=1",
					"$(inherited)",
				);
				GCC_WARN_64_TO_32_BIT_CONVERSION = YES;
				GCC_WARN_ABOUT_RETURN_TYPE = YES_ERROR;
				GCC_WARN_UNDECLARED_SELECTOR = YES;
				GCC_WARN_UNINITIALIZED_AUTOS = YES_AGGRESSIVE;
				GCC_WARN_UNUSED_FUNCTION = YES;
				GCC_WARN_UNUSED_VARIABLE = YES;
				IPHONEOS_DEPLOYMENT_TARGET = 16.1;
				MTL_ENABLE_DEBUG_INFO = INCLUDE_SOURCE;
				MTL_FAST_MATH = YES;
				ONLY_ACTIVE_ARCH = YES;
				SDKROOT = iphoneos;
				SWIFT_ACTIVE_COMPILATION_CONDITIONS = DEBUG;
				SWIFT_OPTIMIZATION_LEVEL = "-Onone";
			};
			name = Debug;
		};
		144D8D5B29818AE0007A5A55 /* Release */ = {
			isa = XCBuildConfiguration;
			buildSettings = {
				ALWAYS_SEARCH_USER_PATHS = NO;
				CLANG_ANALYZER_NONNULL = YES;
				CLANG_ANALYZER_NUMBER_OBJECT_CONVERSION = YES_AGGRESSIVE;
				CLANG_CXX_LANGUAGE_STANDARD = "gnu++20";
				CLANG_ENABLE_MODULES = YES;
				CLANG_ENABLE_OBJC_ARC = YES;
				CLANG_ENABLE_OBJC_WEAK = YES;
				CLANG_WARN_BLOCK_CAPTURE_AUTORELEASING = YES;
				CLANG_WARN_BOOL_CONVERSION = YES;
				CLANG_WARN_COMMA = YES;
				CLANG_WARN_CONSTANT_CONVERSION = YES;
				CLANG_WARN_DEPRECATED_OBJC_IMPLEMENTATIONS = YES;
				CLANG_WARN_DIRECT_OBJC_ISA_USAGE = YES_ERROR;
				CLANG_WARN_DOCUMENTATION_COMMENTS = YES;
				CLANG_WARN_EMPTY_BODY = YES;
				CLANG_WARN_ENUM_CONVERSION = YES;
				CLANG_WARN_INFINITE_RECURSION = YES;
				CLANG_WARN_INT_CONVERSION = YES;
				CLANG_WARN_NON_LITERAL_NULL_CONVERSION = YES;
				CLANG_WARN_OBJC_IMPLICIT_RETAIN_SELF = YES;
				CLANG_WARN_OBJC_LITERAL_CONVERSION = YES;
				CLANG_WARN_OBJC_ROOT_CLASS = YES_ERROR;
				CLANG_WARN_QUOTED_INCLUDE_IN_FRAMEWORK_HEADER = YES;
				CLANG_WARN_RANGE_LOOP_ANALYSIS = YES;
				CLANG_WARN_STRICT_PROTOTYPES = YES;
				CLANG_WARN_SUSPICIOUS_MOVE = YES;
				CLANG_WARN_UNGUARDED_AVAILABILITY = YES_AGGRESSIVE;
				CLANG_WARN_UNREACHABLE_CODE = YES;
				CLANG_WARN__DUPLICATE_METHOD_MATCH = YES;
				COPY_PHASE_STRIP = NO;
				DEBUG_INFORMATION_FORMAT = "dwarf-with-dsym";
				ENABLE_NS_ASSERTIONS = NO;
				ENABLE_STRICT_OBJC_MSGSEND = YES;
				GCC_C_LANGUAGE_STANDARD = gnu11;
				GCC_NO_COMMON_BLOCKS = YES;
				GCC_WARN_64_TO_32_BIT_CONVERSION = YES;
				GCC_WARN_ABOUT_RETURN_TYPE = YES_ERROR;
				GCC_WARN_UNDECLARED_SELECTOR = YES;
				GCC_WARN_UNINITIALIZED_AUTOS = YES_AGGRESSIVE;
				GCC_WARN_UNUSED_FUNCTION = YES;
				GCC_WARN_UNUSED_VARIABLE = YES;
				IPHONEOS_DEPLOYMENT_TARGET = 16.1;
				MTL_ENABLE_DEBUG_INFO = NO;
				MTL_FAST_MATH = YES;
				SDKROOT = iphoneos;
				SWIFT_COMPILATION_MODE = wholemodule;
				SWIFT_OPTIMIZATION_LEVEL = "-O";
				VALIDATE_PRODUCT = YES;
			};
			name = Release;
		};
		144D8D5D29818AE0007A5A55 /* Debug */ = {
			isa = XCBuildConfiguration;
			baseConfigurationReference = F1F6D51EC8310780FC397D16 /* Pods-VideoCreator.debug.xcconfig */;
			buildSettings = {
				ASSETCATALOG_COMPILER_APPICON_NAME = AppIcon;
				ASSETCATALOG_COMPILER_GLOBAL_ACCENT_COLOR_NAME = AccentColor;
				CODE_SIGN_STYLE = Automatic;
				CURRENT_PROJECT_VERSION = 1;
				DEVELOPMENT_TEAM = 65CGDLNXGP;
				GENERATE_INFOPLIST_FILE = YES;
				INFOPLIST_FILE = VideoCreator/Info.plist;
				INFOPLIST_KEY_UIApplicationSupportsIndirectInputEvents = YES;
				INFOPLIST_KEY_UILaunchStoryboardName = LaunchScreen;
				INFOPLIST_KEY_UISupportedInterfaceOrientations = UIInterfaceOrientationPortrait;
				IPHONEOS_DEPLOYMENT_TARGET = 13.0;
				LD_RUNPATH_SEARCH_PATHS = (
					"$(inherited)",
					"@executable_path/Frameworks",
				);
				MARKETING_VERSION = 1.0;
				PRODUCT_BUNDLE_IDENTIFIER = com.videoCreator.boltromyuk.VideoCreator;
				PRODUCT_NAME = "$(TARGET_NAME)";
				SWIFT_EMIT_LOC_STRINGS = YES;
				SWIFT_VERSION = 5.0;
				TARGETED_DEVICE_FAMILY = "1,2";
			};
			name = Debug;
		};
		144D8D5E29818AE0007A5A55 /* Release */ = {
			isa = XCBuildConfiguration;
			baseConfigurationReference = BE7C981487D4AFB6DD71829A /* Pods-VideoCreator.release.xcconfig */;
			buildSettings = {
				ASSETCATALOG_COMPILER_APPICON_NAME = AppIcon;
				ASSETCATALOG_COMPILER_GLOBAL_ACCENT_COLOR_NAME = AccentColor;
				CODE_SIGN_STYLE = Automatic;
				CURRENT_PROJECT_VERSION = 1;
				DEVELOPMENT_TEAM = 65CGDLNXGP;
				GENERATE_INFOPLIST_FILE = YES;
				INFOPLIST_FILE = VideoCreator/Info.plist;
				INFOPLIST_KEY_UIApplicationSupportsIndirectInputEvents = YES;
				INFOPLIST_KEY_UILaunchStoryboardName = LaunchScreen;
				INFOPLIST_KEY_UISupportedInterfaceOrientations = UIInterfaceOrientationPortrait;
				IPHONEOS_DEPLOYMENT_TARGET = 13.0;
				LD_RUNPATH_SEARCH_PATHS = (
					"$(inherited)",
					"@executable_path/Frameworks",
				);
				MARKETING_VERSION = 1.0;
				PRODUCT_BUNDLE_IDENTIFIER = com.videoCreator.boltromyuk.VideoCreator;
				PRODUCT_NAME = "$(TARGET_NAME)";
				SWIFT_EMIT_LOC_STRINGS = YES;
				SWIFT_VERSION = 5.0;
				TARGETED_DEVICE_FAMILY = "1,2";
			};
			name = Release;
		};
/* End XCBuildConfiguration section */

/* Begin XCConfigurationList section */
		144D8D4329818ADF007A5A55 /* Build configuration list for PBXProject "VideoCreator" */ = {
			isa = XCConfigurationList;
			buildConfigurations = (
				144D8D5A29818AE0007A5A55 /* Debug */,
				144D8D5B29818AE0007A5A55 /* Release */,
			);
			defaultConfigurationIsVisible = 0;
			defaultConfigurationName = Release;
		};
		144D8D5C29818AE0007A5A55 /* Build configuration list for PBXNativeTarget "VideoCreator" */ = {
			isa = XCConfigurationList;
			buildConfigurations = (
				144D8D5D29818AE0007A5A55 /* Debug */,
				144D8D5E29818AE0007A5A55 /* Release */,
			);
			defaultConfigurationIsVisible = 0;
			defaultConfigurationName = Release;
		};
/* End XCConfigurationList section */
	};
	rootObject = 144D8D4029818ADF007A5A55 /* Project object */;
}
